
Microsoft Visual Studio Solution File, Format Version 12.00
# Visual Studio Version 17
VisualStudioVersion = 17.11.35303.130
MinimumVisualStudioVersion = 10.0.40219.1
Project("{9A19103F-16F7-4668-BE54-9A1E7A4F7556}") = "KeyVault.Secrets.Emulator", "KeyVault.Secrets.Emulator\KeyVault.Secrets.Emulator.csproj", "{E018AF10-EF6B-48B6-9482-754BFC831038}"
EndProject
Project("{FAE04EC0-301F-11D3-BF4B-00C04F79EFBC}") = "Tests.KeyVault.Secrets.Emulator", "Tests.KeyVault.Secrets.Emulator\Tests.KeyVault.Secrets.Emulator.csproj", "{D75EA443-7D01-4B56-91E7-C59818FB66FC}"
EndProject
Global
	GlobalSection(SolutionConfigurationPlatforms) = preSolution
		Debug|Any CPU = Debug|Any CPU
		Release|Any CPU = Release|Any CPU
	EndGlobalSection
	GlobalSection(ProjectConfigurationPlatforms) = postSolution
		{E018AF10-EF6B-48B6-9482-754BFC831038}.Debug|Any CPU.ActiveCfg = Debug|Any CPU
		{E018AF10-EF6B-48B6-9482-754BFC831038}.Debug|Any CPU.Build.0 = Debug|Any CPU
		{E018AF10-EF6B-48B6-9482-754BFC831038}.Release|Any CPU.ActiveCfg = Release|Any CPU
		{E018AF10-EF6B-48B6-9482-754BFC831038}.Release|Any CPU.Build.0 = Release|Any CPU
		{D75EA443-7D01-4B56-91E7-C59818FB66FC}.Debug|Any CPU.ActiveCfg = Debug|Any CPU
		{D75EA443-7D01-4B56-91E7-C59818FB66FC}.Debug|Any CPU.Build.0 = Debug|Any CPU
		{D75EA443-7D01-4B56-91E7-C59818FB66FC}.Release|Any CPU.ActiveCfg = Release|Any CPU
		{D75EA443-7D01-4B56-91E7-C59818FB66FC}.Release|Any CPU.Build.0 = Release|Any CPU
	EndGlobalSection
	GlobalSection(SolutionProperties) = preSolution
		HideSolutionNode = FALSE
	EndGlobalSection
	GlobalSection(ExtensibilityGlobals) = postSolution
		SolutionGuid = {7CB05477-7864-4AD2-88FE-AFFA266EBEDF}
	EndGlobalSection
EndGlobal
